{
  "nodes": {
    "flake-utils": {
      "inputs": {
        "systems": "systems"
      },
      "locked": {
        "lastModified": 1701680307,
        "narHash": "sha256-kAuep2h5ajznlPMD9rnQyffWG8EM/C73lejGofXvdM8=",
        "owner": "numtide",
        "repo": "flake-utils",
        "rev": "4022d587cbbfd70fe950c1e2083a02621806a725",
        "type": "github"
      },
      "original": {
        "owner": "numtide",
        "repo": "flake-utils",
        "type": "github"
      }
    },
    "flake-utils_2": {
      "locked": {
        "lastModified": 1667395993,
        "narHash": "sha256-nuEHfE/LcWyuSWnS8t12N1wc105Qtau+/OdUAjtQ0rA=",
        "owner": "numtide",
        "repo": "flake-utils",
        "rev": "5aed5285a952e0b949eb3ba02c12fa4fcfef535f",
        "type": "github"
      },
      "original": {
        "owner": "numtide",
        "repo": "flake-utils",
        "type": "github"
      }
    },
    "naersk": {
      "inputs": {
        "nixpkgs": "nixpkgs_2"
      },
      "locked": {
        "lastModified": 1698420672,
        "narHash": "sha256-/TdeHMPRjjdJub7p7+w55vyABrsJlt5QkznPYy55vKA=",
        "owner": "nix-community",
        "repo": "naersk",
        "rev": "aeb58d5e8faead8980a807c840232697982d47b9",
        "type": "github"
      },
      "original": {
        "owner": "nix-community",
        "repo": "naersk",
        "type": "github"
      }
    },
    "nixpkgs": {
      "locked": {
        "lastModified": 1,
        "narHash": "sha256-DsN8ipx/mlyWXX0pGvRYwT0bAXCwSthrS+i1uIhe/0w=",
        "path": "/nix/store/xlsi9jz994hjldrr2f6jxcryk08p83zj-nixos-23.05.5294.7790e078f897/nixos",
        "type": "path"
      },
      "original": {
        "id": "nixpkgs",
        "type": "indirect"
      }
    },
    "nixpkgs_2": {
      "locked": {
        "lastModified": 1,
        "narHash": "sha256-DsN8ipx/mlyWXX0pGvRYwT0bAXCwSthrS+i1uIhe/0w=",
        "path": "/nix/store/xlsi9jz994hjldrr2f6jxcryk08p83zj-nixos-23.05.5294.7790e078f897/nixos",
        "type": "path"
      },
      "original": {
        "id": "nixpkgs",
        "type": "indirect"
      }
    },
    "nixpkgs_3": {
      "locked": {
        "lastModified": 1671548329,
        "narHash": "sha256-OrC6R6zihRjFqdKFF3/vD3bkz44poONSII8ncre1Wh0=",
        "owner": "NixOS",
        "repo": "nixpkgs",
        "rev": "ba6ba2b90096dc49f448aa4d4d783b5081b1cc87",
        "type": "github"
      },
      "original": {
        "id": "nixpkgs",
        "type": "indirect"
      }
    },
    "npmlock2nix": {
      "flake": false,
      "locked": {
        "lastModified": 1673447413,
        "narHash": "sha256-sJM82Sj8yfQYs9axEmGZ9Evzdv/kDcI9sddqJ45frrU=",
        "owner": "nix-community",
        "repo": "npmlock2nix",
        "rev": "9197bbf397d76059a76310523d45df10d2e4ca81",
        "type": "github"
      },
      "original": {
        "owner": "nix-community",
        "repo": "npmlock2nix",
        "type": "github"
      }
    },
    "packsnap": {
      "inputs": {
        "flake-utils": "flake-utils_2",
        "naersk": "naersk",
        "nixpkgs": "nixpkgs_3",
        "npmlock2nix": "npmlock2nix"
      },
      "locked": {
        "lastModified": 0,
        "narHash": "sha256-wtNYrqgJkhAX/Tui/00Q5d+vGhVA3y/T7RKNDnT6+Ps=",
        "path": "/nix/store/hdsdaq06xfsrpapwd11a87s9fcdjf0hk-source",
        "type": "path"
      },
      "original": {
        "path": "/nix/store/hdsdaq06xfsrpapwd11a87s9fcdjf0hk-source",
        "type": "path"
      }
    },
    "root": {
      "inputs": {
        "flake-utils": "flake-utils",
        "nixpkgs": "nixpkgs",
        "packsnap": "packsnap"
      }
    },
    "systems": {
      "locked": {
        "lastModified": 1681028828,
        "narHash": "sha256-Vy1rq5AaRuLzOxct8nz4T6wlgyUR7zLU309k9mBC768=",
        "owner": "nix-systems",
        "repo": "default",
        "rev": "da67096a3b9bf56a91d16901293e51ba5b49a27e",
        "type": "github"
      },
      "original": {
        "owner": "nix-systems",
        "repo": "default",
        "type": "github"
      }
    }
  },
  "root": "root",
  "version": 7
}
